<?xml version="1.0" encoding="utf-8"?>
<Project ToolsVersion="4.0" xmlns="http://schemas.microsoft.com/developer/msbuild/2003">
  <ItemGroup>
    <ClCompile Include="IEControlSite.cpp" />
    <ClCompile Include="IECtrl.cpp" />
    <ClCompile Include="IEHostWindow.cpp" />
    <ClCompile Include="stdafx.cpp" />
    <ClCompile Include="httpmonitor\HttpMonitorApp.cpp">
      <Filter>HttpMonitor</Filter>
    </ClCompile>
    <ClCompile Include="httpmonitor\MonitorSink.cpp">
      <Filter>HttpMonitor</Filter>
    </ClCompile>
    <ClCompile Include="np\np_entry.cpp">
      <Filter>np</Filter>
    </ClCompile>
    <ClCompile Include="np\npn_gate.cpp">
      <Filter>np</Filter>
    </ClCompile>
    <ClCompile Include="np\npp_gate.cpp">
      <Filter>np</Filter>
    </ClCompile>
    <ClCompile Include="Plugin\plugin.cpp">
      <Filter>Plugin</Filter>
    </ClCompile>
    <ClCompile Include="Plugin\ScriptablePluginObject.cpp">
      <Filter>Plugin</Filter>
    </ClCompile>
    <ClCompile Include="Plugin\ScriptablePluginObjectBase.cpp">
      <Filter>Plugin</Filter>
    </ClCompile>
    <ClCompile Include="PluginApp.cpp" />
    <ClCompile Include="BrowserHook\WindowMessageHook.cpp">
      <Filter>BrowserHook</Filter>
    </ClCompile>
    <ClCompile Include="BrowserHook\AtlDepHook.cpp">
      <Filter>BrowserHook</Filter>
    </ClCompile>
    <ClCompile Include="Utils\OS.cpp">
      <Filter>Utils</Filter>
    </ClCompile>
    <ClCompile Include="Plugin\PluginGlobal.cpp">
      <Filter>Plugin</Filter>
    </ClCompile>
    <ClCompile Include="BrowserHook\GestureHandler.cpp">
      <Filter>BrowserHook</Filter>
    </ClCompile>
    <ClCompile Include="BrowserHook\GestureHandlerImpl.cpp">
      <Filter>BrowserHook</Filter>
    </ClCompile>
    <ClCompile Include="jscre\ucptable.cpp">
      <Filter>jscre</Filter>
    </ClCompile>
    <ClCompile Include="jscre\JSRegExp_chartables.c">
      <Filter>jscre</Filter>
    </ClCompile>
    <ClCompile Include="jscre\JSRegExp_compile.cpp">
      <Filter>jscre</Filter>
    </ClCompile>
    <ClCompile Include="jscre\JSRegExp_exec.cpp">
      <Filter>jscre</Filter>
    </ClCompile>
    <ClCompile Include="jscre\JSRegExp_tables.cpp">
      <Filter>jscre</Filter>
    </ClCompile>
    <ClCompile Include="jscre\JSRegExp_ucp_searchfuncs.cpp">
      <Filter>jscre</Filter>
    </ClCompile>
    <ClCompile Include="jscre\JSRegExp_xclass.cpp">
      <Filter>jscre</Filter>
    </ClCompile>
    <ClCompile Include="re\RegExp.cpp">
      <Filter>re</Filter>
    </ClCompile>
    <ClCompile Include="abp\FilterClasses.cpp">
      <Filter>abp</Filter>
    </ClCompile>
    <ClCompile Include="re\strutils.cpp">
      <Filter>re</Filter>
    </ClCompile>
    <ClCompile Include="abp\Matcher.cpp">
      <Filter>abp</Filter>
    </ClCompile>
    <ClCompile Include="abp\RAIILock.cpp">
      <Filter>abp</Filter>
    </ClCompile>
    <ClCompile Include="abp\AdBlockPlus.cpp">
      <Filter>abp</Filter>
    </ClCompile>
    <ClCompile Include="Utils\URL.cpp">
      <Filter>Utils</Filter>
    </ClCompile>
    <ClCompile Include="abp\ElemHideMatcher.cpp">
      <Filter>abp</Filter>
    </ClCompile>
    <ClCompile Include="regdom-libs\dkim-regdom.cpp">
      <Filter>regdom-libs</Filter>
    </ClCompile>
    <ClCompile Include="Utils\TLD.cpp">
      <Filter>Utils</Filter>
    </ClCompile>
    <ClCompile Include="test\test.cpp">
      <Filter>test</Filter>
    </ClCompile>
  </ItemGroup>
  <ItemGroup>
    <ClInclude Include="IECtrl.h" />
    <ClInclude Include="IEHostWindow.h" />
    <ClInclude Include="Resource.h" />
    <ClInclude Include="stdafx.h" />
    <ClInclude Include="targetver.h" />
    <ClInclude Include="httpmonitor\HttpMonitorApp.h">
      <Filter>HttpMonitor</Filter>
    </ClInclude>
    <ClInclude Include="httpmonitor\MonitorSink.h">
      <Filter>HttpMonitor</Filter>
    </ClInclude>
    <ClInclude Include="np\nptypes.h">
      <Filter>np</Filter>
    </ClInclude>
    <ClInclude Include="np\npapi.h">
      <Filter>np</Filter>
    </ClInclude>
    <ClInclude Include="np\npfunctions.h">
      <Filter>np</Filter>
    </ClInclude>
    <ClInclude Include="np\npplat.h">
      <Filter>np</Filter>
    </ClInclude>
    <ClInclude Include="np\npruntime.h">
      <Filter>np</Filter>
    </ClInclude>
    <ClInclude Include="PassthroughAPP\ProtocolCF.h">
      <Filter>PassthroughAPP</Filter>
    </ClInclude>
    <ClInclude Include="PassthroughAPP\ProtocolImpl.h">
      <Filter>PassthroughAPP</Filter>
    </ClInclude>
    <ClInclude Include="PassthroughAPP\PassthroughObject.h">
      <Filter>PassthroughAPP</Filter>
    </ClInclude>
    <ClInclude Include="PassthroughAPP\SinkPolicy.h">
      <Filter>PassthroughAPP</Filter>
    </ClInclude>
    <ClInclude Include="Plugin\plugin.h">
      <Filter>Plugin</Filter>
    </ClInclude>
    <ClInclude Include="Plugin\pluginbase.h">
      <Filter>Plugin</Filter>
    </ClInclude>
    <ClInclude Include="Plugin\ScriptablePluginObjectBase.h">
      <Filter>Plugin</Filter>
    </ClInclude>
    <ClInclude Include="Plugin\ScriptablePluginObject.h">
      <Filter>Plugin</Filter>
    </ClInclude>
    <ClInclude Include="IEControlSite.h" />
    <ClInclude Include="PluginApp.h" />
    <ClInclude Include="BrowserHook\WindowMessageHook.h">
      <Filter>BrowserHook</Filter>
    </ClInclude>
    <ClInclude Include="BrowserHook\AtlDepHook.h">
      <Filter>BrowserHook</Filter>
    </ClInclude>
    <ClInclude Include="Utils\OS.h">
      <Filter>Utils</Filter>
    </ClInclude>
    <ClInclude Include="Plugin\PluginGlobal.h">
      <Filter>Plugin</Filter>
    </ClInclude>
    <ClInclude Include="BrowserHook\GestureHandler.h">
      <Filter>BrowserHook</Filter>
    </ClInclude>
    <ClInclude Include="jscre\ucpinternal.h">
      <Filter>jscre</Filter>
    </ClInclude>
    <ClInclude Include="jscre\ASCIICType.h">
      <Filter>jscre</Filter>
    </ClInclude>
    <ClInclude Include="jscre\config.h">
      <Filter>jscre</Filter>
    </ClInclude>
    <ClInclude Include="jscre\JSRegExp.h">
      <Filter>jscre</Filter>
    </ClInclude>
    <ClInclude Include="jscre\JSRegExp_internal.h">
      <Filter>jscre</Filter>
    </ClInclude>
    <ClInclude Include="jscre\stdint.h">
      <Filter>jscre</Filter>
    </ClInclude>
    <ClInclude Include="re\RegExp.h">
      <Filter>re</Filter>
    </ClInclude>
    <ClInclude Include="abp\FilterClasses.h">
      <Filter>abp</Filter>
    </ClInclude>
    <ClInclude Include="re\strutils.h">
      <Filter>re</Filter>
    </ClInclude>
    <ClInclude Include="abp\TriBool.h">
      <Filter>abp</Filter>
    </ClInclude>
    <ClInclude Include="abp\FilterContentType.h">
      <Filter>abp</Filter>
    </ClInclude>
    <ClInclude Include="abp\Matcher.h">
      <Filter>abp</Filter>
    </ClInclude>
    <ClInclude Include="abp\TList.h">
      <Filter>abp</Filter>
    </ClInclude>
    <ClInclude Include="abp\RAIILock.h">
      <Filter>abp</Filter>
    </ClInclude>
    <ClInclude Include="abp\AdBlockPlus.h">
      <Filter>abp</Filter>
    </ClInclude>
    <ClInclude Include="HttpMonitor\ContentType.h">
      <Filter>HttpMonitor</Filter>
    </ClInclude>
    <ClInclude Include="Utils\URL.h">
      <Filter>Utils</Filter>
    </ClInclude>
    <ClInclude Include="abp\ElemHideMatcher.h">
      <Filter>abp</Filter>
    </ClInclude>
    <ClInclude Include="UserMessage.h" />
    <ClInclude Include="regdom-libs\dkim-regdom.h">
      <Filter>regdom-libs</Filter>
    </ClInclude>
    <ClInclude Include="regdom-libs\tld-canon.h">
      <Filter>regdom-libs</Filter>
    </ClInclude>
    <ClInclude Include="Utils\TLD.h">
      <Filter>Utils</Filter>
    </ClInclude>
    <ClInclude Include="test\test.h">
      <Filter>test</Filter>
    </ClInclude>
  </ItemGroup>
  <ItemGroup>
    <None Include="plugin.def" />
    <None Include="PassthroughAPP\ProtocolImpl.inl">
      <Filter>PassthroughAPP</Filter>
    </None>
    <None Include="PassthroughAPP\ProtocolCF.inl">
      <Filter>PassthroughAPP</Filter>
    </None>
    <None Include="PassthroughAPP\SinkPolicy.inl">
      <Filter>PassthroughAPP</Filter>
    </None>
    <None Include="res\plugin.rc2" />
  </ItemGroup>
  <ItemGroup>
    <Filter Include="HttpMonitor">
      <UniqueIdentifier>{acefb653-62fb-4321-9d32-15cd7d93c8cd}</UniqueIdentifier>
    </Filter>
    <Filter Include="np">
      <UniqueIdentifier>{c72fe0a7-54c6-4984-8913-c1fb634778a2}</UniqueIdentifier>
    </Filter>
    <Filter Include="PassthroughAPP">
      <UniqueIdentifier>{f6107d30-b937-4c5b-8351-063c8c7156d5}</UniqueIdentifier>
    </Filter>
    <Filter Include="Plugin">
      <UniqueIdentifier>{13f3dee4-b322-474d-b10d-b4269b300717}</UniqueIdentifier>
    </Filter>
    <Filter Include="BrowserHook">
      <UniqueIdentifier>{e9cf651e-492b-4a66-bd8a-9be8e0a77e3c}</UniqueIdentifier>
    </Filter>
    <Filter Include="Utils">
      <UniqueIdentifier>{ad158e8c-751c-405f-b9a1-724f4860bdb1}</UniqueIdentifier>
    </Filter>
    <Filter Include="jscre">
      <UniqueIdentifier>{70d9eaef-9e09-4049-b1dc-5a62b57ebe25}</UniqueIdentifier>
    </Filter>
    <Filter Include="abp">
      <UniqueIdentifier>{e5aa9f7e-47a0-4090-994b-12429b516e93}</UniqueIdentifier>
    </Filter>
    <Filter Include="re">
      <UniqueIdentifier>{34c92999-e07e-47a9-8dd6-24e0956040c0}</UniqueIdentifier>
    </Filter>
    <Filter Include="regdom-libs">
      <UniqueIdentifier>{a453b9ff-d57d-4f23-956c-daa98578b0b7}</UniqueIdentifier>
    </Filter>
    <Filter Include="test">
      <UniqueIdentifier>{8ba6f65f-4a26-4d74-a74e-c6037ba83c5c}</UniqueIdentifier>
    </Filter>
  </ItemGroup>
  <ItemGroup>
    <ResourceCompile Include="plugin.rc" />
  </ItemGroup>
</Project>